
Microsoft Visual Studio Solution File, Format Version 12.00
# Visual Studio 15
Project("{FAE04EC0-301F-11D3-BF4B-00C04F79EFBC}") = "FEATesting", "FEATesting\FEATesting.csproj", "{B77443C4-3795-46BC-8FC2-3EE3E53F6C79}"
EndProject
Global
	GlobalSection(SolutionConfigurationPlatforms) = preSolution
		Debug|Any CPU = Debug|Any CPU
		Release|Any CPU = Release|Any CPU
	EndGlobalSection
	GlobalSection(ProjectConfigurationPlatforms) = postSolution
		{B77443C4-3795-46BC-8FC2-3EE3E53F6C79}.Debug|Any CPU.ActiveCfg = Debug|Any CPU
		{B77443C4-3795-46BC-8FC2-3EE3E53F6C79}.Debug|Any CPU.Build.0 = Debug|Any CPU
		{B77443C4-3795-46BC-8FC2-3EE3E53F6C79}.Release|Any CPU.ActiveCfg = Release|Any CPU
		{B77443C4-3795-46BC-8FC2-3EE3E53F6C79}.Release|Any CPU.Build.0 = Release|Any CPU
	EndGlobalSection
EndGlobal
